{
  "name": "skylark-totaljs-jcomponent",
  "version": "0.9.0",
  "lockfileVersion": 1,
  "requires": true,
  "dependencies": {
    "skylark-langx": {
      "version": "git+https://github.com/skylarklangx/skylark-langx.git#b1a898f370861d1f09104d91e202c7154bf85ea5",
      "from": "git+https://github.com/skylarklangx/skylark-langx.git#master"
    },
    "skylark-tangular": {
      "version": "git+https://github.com/skylark-integration/skylark-tangular.git#5fce786354b932c5cb1adae28aafe1f09ce1d303",
      "from": "git+https://github.com/skylark-integration/skylark-tangular.git#master",
      "requires": {
        "skylark-langx": "git+https://github.com/skylarklangx/skylark-langx.git#master"
      }
    },
    "skylark-utils-collection": {
      "version": "git+https://github.com/skylarkutils/skylark-utils-collection.git#348ecea00a89cd7cf86b751fbc6bcc616821b6de",
      "from": "git+https://github.com/skylarkutils/skylark-utils-collection.git#master"
    },
    "skylark-utils-dom": {
      "version": "git+https://github.com/skylarkutils/skylark-utils-dom.git#91d78a8264e0a518aa9dded94ae9803b26259054",
      "from": "git+https://github.com/skylarkutils/skylark-utils-dom.git#master",
      "requires": {
        "skylark-langx": "git+https://github.com/skylarklangx/skylark-langx.git#master"
      }
    }
  }
}
